
Microsoft Visual Studio Solution File, Format Version 12.00
# Visual Studio Version 17
VisualStudioVersion = 17.5.33424.131
MinimumVisualStudioVersion = 10.0.40219.1
Project("{9A19103F-16F7-4668-BE54-9A1E7A4F7556}") = "PizzariaDoZe", "PizzariaDoZe\PizzariaDoZe.csproj", "{CD662303-0203-480D-8403-E30D22C3C0B1}"
EndProject
Project("{FAE04EC0-301F-11D3-BF4B-00C04F79EFBC}") = "PizzariaDoZe_DAO", "PizzariaDoZe.DAO\PizzariaDoZe_DAO.csproj", "{8D833157-126F-4FD3-8A07-1FDD89E73F14}"
EndProject
Global
	GlobalSection(SolutionConfigurationPlatforms) = preSolution
		Debug|Any CPU = Debug|Any CPU
		Release|Any CPU = Release|Any CPU
	EndGlobalSection
	GlobalSection(ProjectConfigurationPlatforms) = postSolution
		{CD662303-0203-480D-8403-E30D22C3C0B1}.Debug|Any CPU.ActiveCfg = Debug|Any CPU
		{CD662303-0203-480D-8403-E30D22C3C0B1}.Debug|Any CPU.Build.0 = Debug|Any CPU
		{CD662303-0203-480D-8403-E30D22C3C0B1}.Release|Any CPU.ActiveCfg = Release|Any CPU
		{CD662303-0203-480D-8403-E30D22C3C0B1}.Release|Any CPU.Build.0 = Release|Any CPU
		{8D833157-126F-4FD3-8A07-1FDD89E73F14}.Debug|Any CPU.ActiveCfg = Debug|Any CPU
		{8D833157-126F-4FD3-8A07-1FDD89E73F14}.Debug|Any CPU.Build.0 = Debug|Any CPU
		{8D833157-126F-4FD3-8A07-1FDD89E73F14}.Release|Any CPU.ActiveCfg = Release|Any CPU
		{8D833157-126F-4FD3-8A07-1FDD89E73F14}.Release|Any CPU.Build.0 = Release|Any CPU
	EndGlobalSection
	GlobalSection(SolutionProperties) = preSolution
		HideSolutionNode = FALSE
	EndGlobalSection
	GlobalSection(ExtensibilityGlobals) = postSolution
		SolutionGuid = {4F9367FB-EB69-4F71-9BAB-EC811DCA7345}
	EndGlobalSection
EndGlobal
